# This file is autogenerated, do not edit; changes may be undone by the next 'dep ensure'.


[[projects]]
  digest = "1:ae9e331aee7a91921f2f0fe10522dd84ad0bd7df3fd70fd274ea17be676f92be"
  name = "github.com/aws/aws-sdk-go"
  packages = [
    "aws",
    "aws/awserr",
    "aws/awsutil",
    "aws/client",
    "aws/client/metadata",
    "aws/corehandlers",
    "aws/credentials",
    "aws/credentials/ec2rolecreds",
    "aws/credentials/endpointcreds",
    "aws/credentials/processcreds",
    "aws/credentials/stscreds",
    "aws/csm",
    "aws/defaults",
    "aws/ec2metadata",
    "aws/endpoints",
    "aws/request",
    "aws/session",
    "aws/signer/v4",
    "internal/ini",
    "internal/sdkio",
    "internal/sdkrand",
    "internal/sdkuri",
    "internal/shareddefaults",
    "private/protocol",
    "private/protocol/ec2query",
    "private/protocol/query",
    "private/protocol/query/queryutil",
    "private/protocol/rest",
    "private/protocol/xml/xmlutil",
    "service/ec2",
    "service/sts",
  ]
  pruneopts = "UT"
  revision = "56c1def75689cceec1fa6f14c2eedb4b798827f9"
  version = "v1.19.11"

[[projects]]
  digest = "1:52c395c0928cc0bdc702c212704103fde073b78e090d2bf1f71d220bd2a6c7a5"
  name = "github.com/coreos/etcd"
  packages = [
    "auth/authpb",
    "etcdserver/etcdserverpb",
    "mvcc/mvccpb",
    "version",
  ]
  pruneopts = "UT"
  revision = "98d308426819d892e149fe45f6fd542464cb1f9d"
  version = "v3.3.13"

[[projects]]
  digest = "1:05ffeeed3f0f05520de0679f6aa3219ffee69cfd6d9fb6c194879d4c818ad670"
  name = "github.com/coreos/go-semver"
  packages = ["semver"]
  pruneopts = "UT"
  revision = "e214231b295a8ea9479f11b70b35d5acf3556d9b"
  version = "v0.3.0"

[[projects]]
  digest = "1:ffe9824d294da03b391f44e1ae8281281b4afc1bdaa9588c9097785e3af10cec"
  name = "github.com/davecgh/go-spew"
  packages = ["spew"]
  pruneopts = "UT"
  revision = "8991bc29aa16c548c550c7ff78260e27b9ab7c73"
  version = "v1.1.1"

[[projects]]
  digest = "1:76dc72490af7174349349838f2fe118996381b31ea83243812a97e5a0fd5ed55"
  name = "github.com/dgrijalva/jwt-go"
  packages = ["."]
  pruneopts = "UT"
  revision = "06ea1031745cb8b3dab3f6a236daf2b0aa468b7e"
  version = "v3.2.0"

[[projects]]
  digest = "1:9d5bd7c02a73959247ccbf524180e363631ece23c58e12b21d697f4741c7926f"
  name = "github.com/echlebek/timeproxy"
  packages = ["."]
  pruneopts = "UT"
  revision = "d7c2918981322d4d437f7a52f3a15c7ec5a4f488"
  version = "v1.0.0"

[[projects]]
  digest = "1:4652941215f23c7ad6546bab86964c72248a1134baa53f0df618661344ba5cac"
  name = "github.com/gogo/protobuf"
  packages = [
    "gogoproto",
    "proto",
    "protoc-gen-gogo/descriptor",
  ]
  pruneopts = "UT"
  revision = "ba06b47c162d49f2af050fb4c75bcbc86a159d5c"
  version = "v1.2.1"

[[projects]]
  digest = "1:239c4c7fd2159585454003d9be7207167970194216193a8a210b8d29576f19c9"
  name = "github.com/golang/protobuf"
  packages = [
    "proto",
    "ptypes",
    "ptypes/any",
    "ptypes/duration",
    "ptypes/timestamp",
  ]
  pruneopts = "UT"
  revision = "b5d812f8a3706043e23a9cd5babf2e5423744d30"
  version = "v1.3.1"

[[projects]]
  digest = "1:870d441fe217b8e689d7949fef6e43efbc787e50f200cb1e70dbca9204a1d6be"
  name = "github.com/inconshreveable/mousetrap"
  packages = ["."]
  pruneopts = "UT"
  revision = "76626ae9c91c4f2a10f34cad8ce83ea42c93bb75"
  version = "v1.0"

[[projects]]
  digest = "1:bb81097a5b62634f3e9fec1014657855610c82d19b9a40c17612e32651e35dca"
  name = "github.com/jmespath/go-jmespath"
  packages = ["."]
  pruneopts = "UT"
  revision = "c2b33e84"

[[projects]]
  digest = "1:f5a2051c55d05548d2d4fd23d244027b59fbd943217df8aa3b5e170ac2fd6e1b"
  name = "github.com/json-iterator/go"
  packages = ["."]
  pruneopts = "UT"
  revision = "v1.1.6"

[[projects]]
  digest = "1:31e761d97c76151dde79e9d28964a812c46efc5baee4085b86f68f0c654450de"
  name = "github.com/konsorten/go-windows-terminal-sequences"
  packages = ["."]
  pruneopts = "UT"
  revision = "f55edac94c9bbba5d6182a4be46d86a2c9b5b50e"
  version = "v1.0.2"

[[projects]]
  digest = "1:33422d238f147d247752996a26574ac48dcf472976eda7f5134015f06bf16563"
  name = "github.com/modern-go/concurrent"
  packages = ["."]
  pruneopts = "UT"
  revision = "bacd9c7ef1dd9b15be4a9909b8ac7a4e313eec94"
  version = "1.0.3"

[[projects]]
  digest = "1:e32bdbdb7c377a07a9a46378290059822efdce5c8d96fe71940d87cb4f918855"
  name = "github.com/modern-go/reflect2"
  packages = ["."]
  pruneopts = "UT"
  revision = "4b7aa43c6742a2c18fdef89dd197aaae7dac7ccd"
  version = "1.0.1"

[[projects]]
  digest = "1:0028cb19b2e4c3112225cd871870f2d9cf49b9b4276531f03438a88e94be86fe"
  name = "github.com/pmezard/go-difflib"
  packages = ["difflib"]
  pruneopts = "UT"
  revision = "792786c7400a136282c1664665ae0a8db921c6c2"
  version = "v1.0.0"

[[projects]]
  branch = "master"
  digest = "1:dbfe572cc258e5bcf54cb650a06d90edd0da04e42ca1ed909cc1d49f00011c63"
  name = "github.com/robertkrimen/otto"
  packages = [
    ".",
    "ast",
    "dbg",
    "file",
    "parser",
    "registry",
    "token",
  ]
  pruneopts = "UT"
  revision = "15f95af6e78dcd2030d8195a138bd88d4f403546"

[[projects]]
  digest = "1:bffc9efe1d7783f54cb0003b57cb3c8fe49f56beb9859cf122be97504e854666"
  name = "github.com/robfig/cron"
  packages = ["."]
  pruneopts = "UT"
  revision = "2315d5715e36303a941d907f038da7f7c44c773b"

[[projects]]
  digest = "1:fc0476019952b9a2cd93bd4b3dfe6def3dfd04628d6137bf9489f848bd549fa8"
  name = "github.com/sensu/sensu-go"
  packages = [
    "api/core/v2",
    "js",
    "types",
    "util/strings",
  ]
  pruneopts = "UT"
  revision = "c7551ba6f201e23027db767b30e633ec716f463b"
  version = "5.10.0"

[[projects]]
  digest = "1:bc435eeda0b496809209b16442d524bc1d0fd1a7b2843e369c75f0be7072f152"
  name = "github.com/sensu/sensu-plugins-go-library"
  packages = [
    "args",
    "sensu",
  ]
  pruneopts = "UT"
  revision = "3ea0d273e45847a43108b9025fe0d65be86463a2"
  version = "0.3.0"

[[projects]]
  digest = "1:04457f9f6f3ffc5fea48e71d62f2ca256637dee0a04d710288e27e05c8b41976"
  name = "github.com/sirupsen/logrus"
  packages = ["."]
  pruneopts = "UT"
  revision = "839c75faf7f98a33d445d181f3018b5c3409a45e"
  version = "v1.4.2"

[[projects]]
  digest = "1:645cabccbb4fa8aab25a956cbcbdf6a6845ca736b2c64e197ca7cbb9d210b939"
  name = "github.com/spf13/cobra"
  packages = ["."]
  pruneopts = "UT"
  revision = "ef82de70bb3f60c65fb8eebacbb2d122ef517385"
  version = "v0.0.3"

[[projects]]
  digest = "1:c1b1102241e7f645bc8e0c22ae352e8f0dc6484b6cb4d132fa9f24174e0119e2"
  name = "github.com/spf13/pflag"
  packages = ["."]
  pruneopts = "UT"
  revision = "298182f68c66c05229eb03ac171abe6e309ee79a"
  version = "v1.0.3"

[[projects]]
  digest = "1:972c2427413d41a1e06ca4897e8528e5a1622894050e2f527b38ddf0f343f759"
  name = "github.com/stretchr/testify"
  packages = ["assert"]
  pruneopts = "UT"
  revision = "ffdc059bfe9ce6a4e144ba849dbedead332c6053"
  version = "v1.3.0"

[[projects]]
  branch = "master"
  digest = "1:a7550c619a7f9701bc2f0b2c866668a207cfb693a2834796f723d2c78b514372"
  name = "golang.org/x/net"
  packages = [
    "context",
    "http/httpguts",
    "http2",
    "http2/hpack",
    "idna",
    "internal/timeseries",
    "trace",
  ]
  pruneopts = "UT"
  revision = "eb5bcb51f2a31c7d5141d810b70815c05d9c9146"

[[projects]]
  branch = "master"
  digest = "1:3e01c69b34e7c3fa4b7a118ca95a6beaecea00f7f4fb701545d83eacd3badb3c"
  name = "golang.org/x/sys"
  packages = ["unix"]
  pruneopts = "UT"
  revision = "97732733099d6a942a73b889770774366de963ed"

[[projects]]
  digest = "1:a2ab62866c75542dd18d2b069fec854577a20211d7c0ea6ae746072a1dccdd18"
  name = "golang.org/x/text"
  packages = [
    "collate",
    "collate/build",
    "internal/colltab",
    "internal/gen",
    "internal/tag",
    "internal/triegen",
    "internal/ucd",
    "language",
    "secure/bidirule",
    "transform",
    "unicode/bidi",
    "unicode/cldr",
    "unicode/norm",
    "unicode/rangetable",
  ]
  pruneopts = "UT"
  revision = "f21a4dfb5e38f5895301dc265a8def02365cc3d0"
  version = "v0.3.0"

[[projects]]
  branch = "master"
  digest = "1:c3076e7defee87de1236f1814beb588f40a75544c60121e6eb38b3b3721783e2"
  name = "google.golang.org/genproto"
  packages = ["googleapis/rpc/status"]
  pruneopts = "UT"
  revision = "64821d5d210748c883cd2b809589555ae4654203"

[[projects]]
  digest = "1:31d87f39886fb38a2b6c097ff3b9f985d6960772170d64a68246f7790e955746"
  name = "google.golang.org/grpc"
  packages = [
    ".",
    "balancer",
    "balancer/base",
    "balancer/roundrobin",
    "binarylog/grpc_binarylog_v1",
    "codes",
    "connectivity",
    "credentials",
    "credentials/internal",
    "encoding",
    "encoding/proto",
    "grpclog",
    "internal",
    "internal/backoff",
    "internal/balancerload",
    "internal/binarylog",
    "internal/channelz",
    "internal/envconfig",
    "internal/grpcrand",
    "internal/grpcsync",
    "internal/syscall",
    "internal/transport",
    "keepalive",
    "metadata",
    "naming",
    "peer",
    "resolver",
    "resolver/dns",
    "resolver/passthrough",
    "stats",
    "status",
    "tap",
  ]
  pruneopts = "UT"
  revision = "236199dd5f8031d698fb64091194aecd1c3895b2"
  version = "v1.20.0"

[[projects]]
  digest = "1:9935525a8c49b8434a0b0a54e1980e94a6fae73aaff45c5d33ba8dff69de123e"
  name = "gopkg.in/sourcemap.v1"
  packages = [
    ".",
    "base64vlq",
  ]
  pruneopts = "UT"
  revision = "6e83acea0053641eff084973fee085f0c193c61a"
  version = "v1.0.5"

[solve-meta]
  analyzer-name = "dep"
  analyzer-version = 1
  input-imports = [
    "github.com/aws/aws-sdk-go/aws",
    "github.com/aws/aws-sdk-go/aws/credentials",
    "github.com/aws/aws-sdk-go/aws/session",
    "github.com/aws/aws-sdk-go/service/ec2",
    "github.com/sensu/sensu-go/types",
    "github.com/sensu/sensu-plugins-go-library/sensu",
    "github.com/stretchr/testify/assert",
  ]
  solver-name = "gps-cdcl"
  solver-version = 1
